
Microsoft Visual Studio Solution File, Format Version 12.00
# Visual Studio Version 17
VisualStudioVersion = 17.11.35312.102
MinimumVisualStudioVersion = 10.0.40219.1
Project("{9A19103F-16F7-4668-BE54-9A1E7A4F7556}") = "MD1_hs23014", "MD1_hs23014\MD1_hs23014.csproj", "{B7141638-530C-4DC8-BA76-1E396528B181}"
EndProject
Project("{9A19103F-16F7-4668-BE54-9A1E7A4F7556}") = "md2hs23014", "md2hs23014\md2hs23014.csproj", "{D7D88D99-7415-40C8-BE88-380E42A97CED}"
EndProject
Project("{FAE04EC0-301F-11D3-BF4B-00C04F79EFBC}") = "MigrationHelper", "MigrationHelper\MigrationHelper.csproj", "{76C4FC66-C77C-4523-BAA0-31A263E39AA2}"
EndProject
Project("{FAE04EC0-301F-11D3-BF4B-00C04F79EFBC}") = "MD4WebApphs23014", "MD4WebApphs23014\MD4WebApphs23014.csproj", "{AE6AFEAA-885C-45F3-9F7F-2835A0B5C559}"
EndProject
Global
	GlobalSection(SolutionConfigurationPlatforms) = preSolution
		Debug|Any CPU = Debug|Any CPU
		Release|Any CPU = Release|Any CPU
	EndGlobalSection
	GlobalSection(ProjectConfigurationPlatforms) = postSolution
		{B7141638-530C-4DC8-BA76-1E396528B181}.Debug|Any CPU.ActiveCfg = Debug|Any CPU
		{B7141638-530C-4DC8-BA76-1E396528B181}.Debug|Any CPU.Build.0 = Debug|Any CPU
		{B7141638-530C-4DC8-BA76-1E396528B181}.Release|Any CPU.ActiveCfg = Release|Any CPU
		{B7141638-530C-4DC8-BA76-1E396528B181}.Release|Any CPU.Build.0 = Release|Any CPU
		{D7D88D99-7415-40C8-BE88-380E42A97CED}.Debug|Any CPU.ActiveCfg = Debug|Any CPU
		{D7D88D99-7415-40C8-BE88-380E42A97CED}.Debug|Any CPU.Build.0 = Debug|Any CPU
		{D7D88D99-7415-40C8-BE88-380E42A97CED}.Debug|Any CPU.Deploy.0 = Debug|Any CPU
		{D7D88D99-7415-40C8-BE88-380E42A97CED}.Release|Any CPU.ActiveCfg = Release|Any CPU
		{D7D88D99-7415-40C8-BE88-380E42A97CED}.Release|Any CPU.Build.0 = Release|Any CPU
		{D7D88D99-7415-40C8-BE88-380E42A97CED}.Release|Any CPU.Deploy.0 = Release|Any CPU
		{76C4FC66-C77C-4523-BAA0-31A263E39AA2}.Debug|Any CPU.ActiveCfg = Debug|Any CPU
		{76C4FC66-C77C-4523-BAA0-31A263E39AA2}.Debug|Any CPU.Build.0 = Debug|Any CPU
		{76C4FC66-C77C-4523-BAA0-31A263E39AA2}.Release|Any CPU.ActiveCfg = Release|Any CPU
		{76C4FC66-C77C-4523-BAA0-31A263E39AA2}.Release|Any CPU.Build.0 = Release|Any CPU
		{AE6AFEAA-885C-45F3-9F7F-2835A0B5C559}.Debug|Any CPU.ActiveCfg = Debug|Any CPU
		{AE6AFEAA-885C-45F3-9F7F-2835A0B5C559}.Debug|Any CPU.Build.0 = Debug|Any CPU
		{AE6AFEAA-885C-45F3-9F7F-2835A0B5C559}.Release|Any CPU.ActiveCfg = Release|Any CPU
		{AE6AFEAA-885C-45F3-9F7F-2835A0B5C559}.Release|Any CPU.Build.0 = Release|Any CPU
	EndGlobalSection
	GlobalSection(SolutionProperties) = preSolution
		HideSolutionNode = FALSE
	EndGlobalSection
	GlobalSection(ExtensibilityGlobals) = postSolution
		SolutionGuid = {D021B0A4-1854-4B21-B629-421F35C49747}
	EndGlobalSection
EndGlobal
